
Microsoft Visual Studio Solution File, Format Version 12.00
# Visual Studio Version 16
VisualStudioVersion = 16.0.30621.155
MinimumVisualStudioVersion = 10.0.40219.1
Project("{9A19103F-16F7-4668-BE54-9A1E7A4F7556}") = "darabank", "darabank\darabank.csproj", "{86DB2BA5-AF25-4B2D-B445-6815A5D5A441}"
EndProject
Project("{9A19103F-16F7-4668-BE54-9A1E7A4F7556}") = "darabank_test", "darabank_test\darabank_test.csproj", "{E29D9BA8-028A-45F7-9A50-7B7166F47E4D}"
EndProject
Global
	GlobalSection(SolutionConfigurationPlatforms) = preSolution
		Debug|Any CPU = Debug|Any CPU
		Release|Any CPU = Release|Any CPU
	EndGlobalSection
	GlobalSection(ProjectConfigurationPlatforms) = postSolution
		{86DB2BA5-AF25-4B2D-B445-6815A5D5A441}.Debug|Any CPU.ActiveCfg = Debug|Any CPU
		{86DB2BA5-AF25-4B2D-B445-6815A5D5A441}.Debug|Any CPU.Build.0 = Debug|Any CPU
		{86DB2BA5-AF25-4B2D-B445-6815A5D5A441}.Release|Any CPU.ActiveCfg = Release|Any CPU
		{86DB2BA5-AF25-4B2D-B445-6815A5D5A441}.Release|Any CPU.Build.0 = Release|Any CPU
		{E29D9BA8-028A-45F7-9A50-7B7166F47E4D}.Debug|Any CPU.ActiveCfg = Debug|Any CPU
		{E29D9BA8-028A-45F7-9A50-7B7166F47E4D}.Debug|Any CPU.Build.0 = Debug|Any CPU
		{E29D9BA8-028A-45F7-9A50-7B7166F47E4D}.Release|Any CPU.ActiveCfg = Release|Any CPU
		{E29D9BA8-028A-45F7-9A50-7B7166F47E4D}.Release|Any CPU.Build.0 = Release|Any CPU
	EndGlobalSection
	GlobalSection(SolutionProperties) = preSolution
		HideSolutionNode = FALSE
	EndGlobalSection
	GlobalSection(ExtensibilityGlobals) = postSolution
		SolutionGuid = {6B7F9D11-76B3-4736-9E15-7F33FF2D637E}
	EndGlobalSection
EndGlobal
